
Microsoft Visual Studio Solution File, Format Version 12.00
# Visual Studio 15
VisualStudioVersion = 15.0.27428.2015
MinimumVisualStudioVersion = 10.0.40219.1
Project("{FAE04EC0-301F-11D3-BF4B-00C04F79EFBC}") = "QuanLyHocNghe", "QuanLyHocNghe\QuanLyHocNghe.csproj", "{962E0E0D-0545-4396-99AB-A37EE9127CC1}"
EndProject
Global
	GlobalSection(SolutionConfigurationPlatforms) = preSolution
		Debug|Any CPU = Debug|Any CPU
		Release|Any CPU = Release|Any CPU
	EndGlobalSection
	GlobalSection(ProjectConfigurationPlatforms) = postSolution
		{962E0E0D-0545-4396-99AB-A37EE9127CC1}.Debug|Any CPU.ActiveCfg = Debug|Any CPU
		{962E0E0D-0545-4396-99AB-A37EE9127CC1}.Debug|Any CPU.Build.0 = Debug|Any CPU
		{962E0E0D-0545-4396-99AB-A37EE9127CC1}.Release|Any CPU.ActiveCfg = Release|Any CPU
		{962E0E0D-0545-4396-99AB-A37EE9127CC1}.Release|Any CPU.Build.0 = Release|Any CPU
	EndGlobalSection
	GlobalSection(SolutionProperties) = preSolution
		HideSolutionNode = FALSE
	EndGlobalSection
	GlobalSection(ExtensibilityGlobals) = postSolution
		SolutionGuid = {CC5FE627-E2DF-4C02-BF71-41E06B375731}
	EndGlobalSection
EndGlobal
